// !$*UTF8*$!
{
	archiveVersion = 1;
	classes = {
	};
	objectVersion = 46;
	objects = {

/* Begin PBXBuildFile section */
		88DDB39B1D71787600369A01 /* AppDelegate.swift in Sources */ = {isa = PBXBuildFile; fileRef = 88DDB39A1D71787600369A01 /* AppDelegate.swift */; };
		88DDB39D1D71787600369A01 /* ViewController.swift in Sources */ = {isa = PBXBuildFile; fileRef = 88DDB39C1D71787600369A01 /* ViewController.swift */; };
		88DDB3A01D71787600369A01 /* Main.storyboard in Resources */ = {isa = PBXBuildFile; fileRef = 88DDB39E1D71787600369A01 /* Main.storyboard */; };
		88DDB3A21D71787600369A01 /* Assets.xcassets in Resources */ = {isa = PBXBuildFile; fileRef = 88DDB3A11D71787600369A01 /* Assets.xcassets */; };
		88DDB3A51D71787600369A01 /* LaunchScreen.storyboard in Resources */ = {isa = PBXBuildFile; fileRef = 88DDB3A31D71787600369A01 /* LaunchScreen.storyboard */; };
		88DDB3AD1D7178C500369A01 /* TestScene.swift in Sources */ = {isa = PBXBuildFile; fileRef = 88DDB3AC1D7178C500369A01 /* TestScene.swift */; };
		88DDB3AF1D71791700369A01 /* TestScene.sks in Resources */ = {isa = PBXBuildFile; fileRef = 88DDB3AE1D71791700369A01 /* TestScene.sks */; };
/* End PBXBuildFile section */

/* Begin PBXFileReference section */
		88DDB3971D71787600369A01 /* TestPlaySoundFile.app */ = {isa = PBXFileReference; explicitFileType = wrapper.application; includeInIndex = 0; path = TestPlaySoundFile.app; sourceTree = BUILT_PRODUCTS_DIR; };
		88DDB39A1D71787600369A01 /* AppDelegate.swift */ = {isa = PBXFileReference; lastKnownFileType = sourcecode.swift; path = AppDelegate.swift; sourceTree = "<group>"; };
		88DDB39C1D71787600369A01 /* ViewController.swift */ = {isa = PBXFileReference; lastKnownFileType = sourcecode.swift; path = ViewController.swift; sourceTree = "<group>"; };
		88DDB39F1D71787600369A01 /* Base */ = {isa = PBXFileReference; lastKnownFileType = file.storyboard; name = Base; path = Base.lproj/Main.storyboard; sourceTree = "<group>"; };
		88DDB3A11D71787600369A01 /* Assets.xcassets */ = {isa = PBXFileReference; lastKnownFileType = folder.assetcatalog; path = Assets.xcassets; sourceTree = "<group>"; };
		88DDB3A41D71787600369A01 /* Base */ = {isa = PBXFileReference; lastKnownFileType = file.storyboard; name = Base; path = Base.lproj/LaunchScreen.storyboard; sourceTree = "<group>"; };
		88DDB3A61D71787600369A01 /* Info.plist */ = {isa = PBXFileReference; lastKnownFileType = text.plist.xml; path = Info.plist; sourceTree = "<group>"; };
		88DDB3AC1D7178C500369A01 /* TestScene.swift */ = {isa = PBXFileReference; fileEncoding = 4; lastKnownFileType = sourcecode.swift; path = TestScene.swift; sourceTree = "<group>"; };
		88DDB3AE1D71791700369A01 /* TestScene.sks */ = {isa = PBXFileReference; lastKnownFileType = file.sks; path = TestScene.sks; sourceTree = "<group>"; };
/* End PBXFileReference section */

/* Begin PBXFrameworksBuildPhase section */
		88DDB3941D71787600369A01 /* Frameworks */ = {
			isa = PBXFrameworksBuildPhase;
			buildActionMask = 2147483647;
			files = (
			);
			runOnlyForDeploymentPostprocessing = 0;
		};
/* End PBXFrameworksBuildPhase section */

/* Begin PBXGroup section */
		88DDB38E1D71787600369A01 = {
			isa = PBXGroup;
			children = (
				88DDB3991D71787600369A01 /* TestParticleFile */,
				88DDB3981D71787600369A01 /* Products */,
			);
			sourceTree = "<group>";
		};
		88DDB3981D71787600369A01 /* Products */ = {
			isa = PBXGroup;
			children = (
				88DDB3971D71787600369A01 /* TestPlaySoundFile.app */,
			);
			name = Products;
			sourceTree = "<group>";
		};
		88DDB3991D71787600369A01 /* TestParticleFile */ = {
			isa = PBXGroup;
			children = (
				88DDB39A1D71787600369A01 /* AppDelegate.swift */,
				88DDB39C1D71787600369A01 /* ViewController.swift */,
				88DDB39E1D71787600369A01 /* Main.storyboard */,
				88DDB3AC1D7178C500369A01 /* TestScene.swift */,
				88DDB3AE1D71791700369A01 /* TestScene.sks */,
				88DDB3A11D71787600369A01 /* Assets.xcassets */,
				88DDB3A31D71787600369A01 /* LaunchScreen.storyboard */,
				88DDB3A61D71787600369A01 /* Info.plist */,
			);
			path = TestParticleFile;
			sourceTree = "<group>";
		};
/* End PBXGroup section */

/* Begin PBXNativeTarget section */
		88DDB3961D71787600369A01 /* TestPlaySoundFile */ = {
			isa = PBXNativeTarget;
			buildConfigurationList = 88DDB3A91D71787600369A01 /* Build configuration list for PBXNativeTarget "TestPlaySoundFile" */;
			buildPhases = (
				88DDB3931D71787600369A01 /* Sources */,
				88DDB3941D71787600369A01 /* Frameworks */,
				88DDB3951D71787600369A01 /* Resources */,
			);
			buildRules = (
			);
			dependencies = (
			);
			name = TestPlaySoundFile;
			productName = TestParticleFile;
			productReference = 88DDB3971D71787600369A01 /* TestPlaySoundFile.app */;
			productType = "com.apple.product-type.application";
		};
/* End PBXNativeTarget section */

/* Begin PBXProject section */
		88DDB38F1D71787600369A01 /* Project object */ = {
			isa = PBXProject;
			attributes = {
				LastSwiftUpdateCheck = 0730;
				LastUpgradeCheck = 0730;
				ORGANIZATIONNAME = TestOrganization;
				TargetAttributes = {
					88DDB3961D71787600369A01 = {
						CreatedOnToolsVersion = 7.3.1;
					};
				};
			};
			buildConfigurationList = 88DDB3921D71787600369A01 /* Build configuration list for PBXProject "TestPlaySoundFile" */;
			compatibilityVersion = "Xcode 3.2";
			developmentRegion = English;
			hasScannedForEncodings = 0;
			knownRegions = (
				en,
				Base,
			);
			mainGroup = 88DDB38E1D71787600369A01;
			productRefGroup = 88DDB3981D71787600369A01 /* Products */;
			projectDirPath = "";
			projectRoot = "";
			targets = (
				88DDB3961D71787600369A01 /* TestPlaySoundFile */,
			);
		};
/* End PBXProject section */

/* Begin PBXResourcesBuildPhase section */
		88DDB3951D71787600369A01 /* Resources */ = {
			isa = PBXResourcesBuildPhase;
			buildActionMask = 2147483647;
			files = (
				88DDB3A51D71787600369A01 /* LaunchScreen.storyboard in Resources */,
				88DDB3A21D71787600369A01 /* Assets.xcassets in Resources */,
				88DDB3AF1D71791700369A01 /* TestScene.sks in Resources */,
				88DDB3A01D71787600369A01 /* Main.storyboard in Resources */,
			);
			runOnlyForDeploymentPostprocessing = 0;
		};
/* End PBXResourcesBuildPhase section */

/* Begin PBXSourcesBuildPhase section */
		88DDB3931D71787600369A01 /* Sources */ = {
			isa = PBXSourcesBuildPhase;
			buildActionMask = 2147483647;
			files = (
				88DDB39D1D71787600369A01 /* ViewController.swift in Sources */,
				88DDB3AD1D7178C500369A01 /* TestScene.swift in Sources */,
				88DDB39B1D71787600369A01 /* AppDelegate.swift in Sources */,
			);
			runOnlyForDeploymentPostprocessing = 0;
		};
/* End PBXSourcesBuildPhase section */

/* Begin PBXVariantGroup section */
		88DDB39E1D71787600369A01 /* Main.storyboard */ = {
			isa = PBXVariantGroup;
			children = (
				88DDB39F1D71787600369A01 /* Base */,
			);
			name = Main.storyboard;
			sourceTree = "<group>";
		};
		88DDB3A31D71787600369A01 /* LaunchScreen.storyboard */ = {
			isa = PBXVariantGroup;
			children = (
				88DDB3A41D71787600369A01 /* Base */,
			);
			name = LaunchScreen.storyboard;
			sourceTree = "<group>";
		};
/* End PBXVariantGroup section */

/* Begin XCBuildConfiguration section */
		88DDB3A71D71787600369A01 /* Debug */ = {
			isa = XCBuildConfiguration;
			buildSettings = {
				ALWAYS_SEARCH_USER_PATHS = NO;
				CLANG_ANALYZER_NONNULL = YES;
				CLANG_CXX_LANGUAGE_STANDARD = "gnu++0x";
				CLANG_CXX_LIBRARY = "libc++";
				CLANG_ENABLE_MODULES = YES;
				CLANG_ENABLE_OBJC_ARC = YES;
				CLANG_WARN_BOOL_CONVERSION = YES;
				CLANG_WARN_CONSTANT_CONVERSION = YES;
				CLANG_WARN_DIRECT_OBJC_ISA_USAGE = YES_ERROR;
				CLANG_WARN_EMPTY_BODY = YES;
				CLANG_WARN_ENUM_CONVERSION = YES;
				CLANG_WARN_INT_CONVERSION = YES;
				CLANG_WARN_OBJC_ROOT_CLASS = YES_ERROR;
				CLANG_WARN_UNREACHABLE_CODE = YES;
				CLANG_WARN__DUPLICATE_METHOD_MATCH = YES;
				"CODE_SIGN_IDENTITY[sdk=iphoneos*]" = "iPhone Developer";
				COPY_PHASE_STRIP = NO;
				DEBUG_INFORMATION_FORMAT = dwarf;
				ENABLE_STRICT_OBJC_MSGSEND = YES;
				ENABLE_TESTABILITY = YES;
				GCC_C_LANGUAGE_STANDARD = gnu99;
				GCC_DYNAMIC_NO_PIC = NO;
				GCC_NO_COMMON_BLOCKS = YES;
				GCC_OPTIMIZATION_LEVEL = 0;
				GCC_PREPROCESSOR_DEFINITIONS = (
					"DEBUG=1",
					"$(inherited)",
				);
				GCC_WARN_64_TO_32_BIT_CONVERSION = YES;
				GCC_WARN_ABOUT_RETURN_TYPE = YES_ERROR;
				GCC_WARN_UNDECLARED_SELECTOR = YES;
				GCC_WARN_UNINITIALIZED_AUTOS = YES_AGGRESSIVE;
				GCC_WARN_UNUSED_FUNCTION = YES;
				GCC_WARN_UNUSED_VARIABLE = YES;
				IPHONEOS_DEPLOYMENT_TARGET = 9.3;
				MTL_ENABLE_DEBUG_INFO = YES;
				ONLY_ACTIVE_ARCH = YES;
				SDKROOT = iphoneos;
				SWIFT_OPTIMIZATION_LEVEL = "-Onone";
			};
			name = Debug;
		};
		88DDB3A81D71787600369A01 /* Release */ = {
			isa = XCBuildConfiguration;
			buildSettings = {
				ALWAYS_SEARCH_USER_PATHS = NO;
				CLANG_ANALYZER_NONNULL = YES;
				CLANG_CXX_LANGUAGE_STANDARD = "gnu++0x";
				CLANG_CXX_LIBRARY = "libc++";
				CLANG_ENABLE_MODULES = YES;
				CLANG_ENABLE_OBJC_ARC = YES;
				CLANG_WARN_BOOL_CONVERSION = YES;
				CLANG_WARN_CONSTANT_CONVERSION = YES;
				CLANG_WARN_DIRECT_OBJC_ISA_USAGE = YES_ERROR;
				CLANG_WARN_EMPTY_BODY = YES;
				CLANG_WARN_ENUM_CONVERSION = YES;
				CLANG_WARN_INT_CONVERSION = YES;
				CLANG_WARN_OBJC_ROOT_CLASS = YES_ERROR;
				CLANG_WARN_UNREACHABLE_CODE = YES;
				CLANG_WARN__DUPLICATE_METHOD_MATCH = YES;
				"CODE_SIGN_IDENTITY[sdk=iphoneos*]" = "iPhone Developer";
				COPY_PHASE_STRIP = NO;
				DEBUG_INFORMATION_FORMAT = "dwarf-with-dsym";
				ENABLE_NS_ASSERTIONS = NO;
				ENABLE_STRICT_OBJC_MSGSEND = YES;
				GCC_C_LANGUAGE_STANDARD = gnu99;
				GCC_NO_COMMON_BLOCKS = YES;
				GCC_WARN_64_TO_32_BIT_CONVERSION = YES;
				GCC_WARN_ABOUT_RETURN_TYPE = YES_ERROR;
				GCC_WARN_UNDECLARED_SELECTOR = YES;
				GCC_WARN_UNINITIALIZED_AUTOS = YES_AGGRESSIVE;
				GCC_WARN_UNUSED_FUNCTION = YES;
				GCC_WARN_UNUSED_VARIABLE = YES;
				IPHONEOS_DEPLOYMENT_TARGET = 9.3;
				MTL_ENABLE_DEBUG_INFO = NO;
				SDKROOT = iphoneos;
				VALIDATE_PRODUCT = YES;
			};
			name = Release;
		};
		88DDB3AA1D71787600369A01 /* Debug */ = {
			isa = XCBuildConfiguration;
			buildSettings = {
				ASSETCATALOG_COMPILER_APPICON_NAME = AppIcon;
				INFOPLIST_FILE = TestParticleFile/Info.plist;
				LD_RUNPATH_SEARCH_PATHS = "$(inherited) @executable_path/Frameworks";
				PRODUCT_BUNDLE_IDENTIFIER = com.test.TestParticleFile;
				PRODUCT_NAME = TestPlaySoundFile;
			};
			name = Debug;
		};
		88DDB3AB1D71787600369A01 /* Release */ = {
			isa = XCBuildConfiguration;
			buildSettings = {
				ASSETCATALOG_COMPILER_APPICON_NAME = AppIcon;
				INFOPLIST_FILE = TestParticleFile/Info.plist;
				LD_RUNPATH_SEARCH_PATHS = "$(inherited) @executable_path/Frameworks";
				PRODUCT_BUNDLE_IDENTIFIER = com.test.TestParticleFile;
				PRODUCT_NAME = TestPlaySoundFile;
			};
			name = Release;
		};
/* End XCBuildConfiguration section */

/* Begin XCConfigurationList section */
		88DDB3921D71787600369A01 /* Build configuration list for PBXProject "TestPlaySoundFile" */ = {
			isa = XCConfigurationList;
			buildConfigurations = (
				88DDB3A71D71787600369A01 /* Debug */,
				88DDB3A81D71787600369A01 /* Release */,
			);
			defaultConfigurationIsVisible = 0;
			defaultConfigurationName = Release;
		};
		88DDB3A91D71787600369A01 /* Build configuration list for PBXNativeTarget "TestPlaySoundFile" */ = {
			isa = XCConfigurationList;
			buildConfigurations = (
				88DDB3AA1D71787600369A01 /* Debug */,
				88DDB3AB1D71787600369A01 /* Release */,
			);
			defaultConfigurationIsVisible = 0;
			defaultConfigurationName = Release;
		};
/* End XCConfigurationList section */
	};
	rootObject = 88DDB38F1D71787600369A01 /* Project object */;
}
